
Microsoft Visual Studio Solution File, Format Version 12.00
# Visual Studio 15
VisualStudioVersion = 15.0.27428.2043
MinimumVisualStudioVersion = 10.0.40219.1
Project("{FAE04EC0-301F-11D3-BF4B-00C04F79EFBC}") = "JbConf", "ConfMgmt\JbConf.csproj", "{AA627527-6A1A-4758-9117-BA3D41E1D6A8}"
EndProject
Project("{FAE04EC0-301F-11D3-BF4B-00C04F79EFBC}") = "TestConfMgmt", "TestConfMgmt\TestConfMgmt.csproj", "{AB8C280B-9583-481A-9F83-B2AEE13145FD}"
EndProject
Project("{FAE04EC0-301F-11D3-BF4B-00C04F79EFBC}") = "Utils", "Utils\Utils\Utils.csproj", "{F074B62B-6DD3-40AE-B9A6-0FBFA984733E}"
EndProject
Global
	GlobalSection(SolutionConfigurationPlatforms) = preSolution
		Debug|Any CPU = Debug|Any CPU
		Release|Any CPU = Release|Any CPU
	EndGlobalSection
	GlobalSection(ProjectConfigurationPlatforms) = postSolution
		{AA627527-6A1A-4758-9117-BA3D41E1D6A8}.Debug|Any CPU.ActiveCfg = Debug|Any CPU
		{AA627527-6A1A-4758-9117-BA3D41E1D6A8}.Debug|Any CPU.Build.0 = Debug|Any CPU
		{AA627527-6A1A-4758-9117-BA3D41E1D6A8}.Release|Any CPU.ActiveCfg = Release|Any CPU
		{AA627527-6A1A-4758-9117-BA3D41E1D6A8}.Release|Any CPU.Build.0 = Release|Any CPU
		{AB8C280B-9583-481A-9F83-B2AEE13145FD}.Debug|Any CPU.ActiveCfg = Debug|Any CPU
		{AB8C280B-9583-481A-9F83-B2AEE13145FD}.Debug|Any CPU.Build.0 = Debug|Any CPU
		{AB8C280B-9583-481A-9F83-B2AEE13145FD}.Release|Any CPU.ActiveCfg = Release|Any CPU
		{AB8C280B-9583-481A-9F83-B2AEE13145FD}.Release|Any CPU.Build.0 = Release|Any CPU
		{F074B62B-6DD3-40AE-B9A6-0FBFA984733E}.Debug|Any CPU.ActiveCfg = Debug|Any CPU
		{F074B62B-6DD3-40AE-B9A6-0FBFA984733E}.Debug|Any CPU.Build.0 = Debug|Any CPU
		{F074B62B-6DD3-40AE-B9A6-0FBFA984733E}.Release|Any CPU.ActiveCfg = Release|Any CPU
		{F074B62B-6DD3-40AE-B9A6-0FBFA984733E}.Release|Any CPU.Build.0 = Release|Any CPU
	EndGlobalSection
	GlobalSection(SolutionProperties) = preSolution
		HideSolutionNode = FALSE
	EndGlobalSection
	GlobalSection(ExtensibilityGlobals) = postSolution
		SolutionGuid = {3E13DFB8-35E6-404C-A9A2-DBD5A23EAE49}
	EndGlobalSection
EndGlobal
